PODS:
  - Adjust (4.11.4):
    - Adjust/Core (= 4.11.4)
  - Adjust/Core (4.11.4)
  - Bolts/Tasks (1.8.4)
  - Crashlytics (3.8.4):
    - Fabric (~> 1.6.3)
  - Fabric (1.6.11)
  - Flurry-iOS-SDK (8.6.1):
    - Flurry-iOS-SDK/FlurrySDK (= 8.6.1)
  - Flurry-iOS-SDK/FlurrySDK (8.6.1)
  - GoogleAnalytics (3.17.0)
  - Intercom (3.2.5)
  - Localytics (5.1.0)
  - Mixpanel (3.3.3)
  - MobileCenter (0.14.0):
    - MobileCenter/Analytics (= 0.14.0)
    - MobileCenter/Crashes (= 0.14.0)
  - MobileCenter/Analytics (0.14.0):
    - MobileCenter/Core
  - MobileCenter/Core (0.14.0)
  - MobileCenter/Crashes (0.14.0):
    - MobileCenter/Core
  - mParticle-Apple-SDK (7.12.3):
    - mParticle-Apple-SDK/mParticle (= 7.12.3)
  - mParticle-Apple-SDK/mParticle (7.12.3)
  - NewRelicAgent (5.13.0)
  - OCMock (3.4)
  - Parse (1.14.4):
    - Bolts/Tasks (~> 1.8)

DEPENDENCIES:
  - Adjust (~> 4.5)
  - Crashlytics
  - Flurry-iOS-SDK
  - GoogleAnalytics
  - Intercom
  - Localytics
  - Mixpanel (~> 3.1)
  - MobileCenter
  - mParticle-Apple-SDK (~> 7)
  - NewRelicAgent
  - OCMock
  - Parse

SPEC REPOS:
  trunk:
    - Adjust
    - Bolts
    - Crashlytics
    - Fabric
    - Flurry-iOS-SDK
    - GoogleAnalytics
    - Intercom
    - Localytics
    - Mixpanel
    - MobileCenter
    - mParticle-Apple-SDK
    - NewRelicAgent
    - OCMock
    - Parse

SPEC CHECKSUMS:
  Adjust: c3265d1c75916d727277aca22ac4b52072fc18d2
  Bolts: 8a7995239dbe724f9cba2248b766d48b7ebdd322
  Crashlytics: 79e236942ca1e7fc641df1feb9a275360a78ab6a
  Fabric: 5911403591946b8228ab1c51d98f1d7137e863c6
  Flurry-iOS-SDK: daffe3d0afa95b7b0f1a803f2b708a926ecbf833
  GoogleAnalytics: f42cc53a87a51fe94334821868d9c8481ff47a7b
  Intercom: 09f72b37baccfc71733a63b896c9438d5ac0ec3d
  Localytics: 420a187fd1ba94d4a2afff66e100d1569389d9e4
  Mixpanel: 3c3925c27f7a321d5978319a72f53f8f0885afc5
  MobileCenter: dbb6dc05ec373d29dccb4aaf98af5d697d6a874c
  mParticle-Apple-SDK: 418f646fe97dc04bdb6460db95e17b963294f592
  NewRelicAgent: 2679737d3601fcac3a11bf69a8968302d9fee497
  OCMock: 35ae71d6a8fcc1b59434d561d1520b9dd4f15765
  Parse: b0aa91d2c435e53d4a9af26e741e014c9b35c42e

PODFILE CHECKSUM: fa425b94a26e5c9e92b8b8adde39ad2751342009

COCOAPODS: 1.8.4
