// !$*UTF8*$!
{
	archiveVersion = 1;
	classes = {
	};
	objectVersion = 46;
	objects = {

/* Begin PBXBuildFile section */
		2E80B4831C526EFC00F8AD7A /* libicucore.tbd in Frameworks */ = {isa = PBXBuildFile; fileRef = 2E80B4821C526EFC00F8AD7A /* libicucore.tbd */; };
		2EE8B81C1C52CAF300DC2534 /* libicucore.tbd in Frameworks */ = {isa = PBXBuildFile; fileRef = 2E80B4821C526EFC00F8AD7A /* libicucore.tbd */; };
		3C0E31884581BEA8F2CEBC63 /* Pods_AnalyticsKitTests.framework in Frameworks */ = {isa = PBXBuildFile; fileRef = A05A3FA301E799CDB1CFCD94 /* Pods_AnalyticsKitTests.framework */; };
		6646A0D286D26A8A3739A1BB /* Pods_AnalyticsKit.framework in Frameworks */ = {isa = PBXBuildFile; fileRef = 34723EB158F95A8FF30287A5 /* Pods_AnalyticsKit.framework */; };
		6E73BDF11ECF833000657CDE /* AnalyticsKitLocalyticsProvider.swift in Sources */ = {isa = PBXBuildFile; fileRef = 6E73BDF01ECF833000657CDE /* AnalyticsKitLocalyticsProvider.swift */; };
		6E73BDF31ECF8CD800657CDE /* AnalyticsKitParseProvider.swift in Sources */ = {isa = PBXBuildFile; fileRef = 6E73BDF21ECF8CD800657CDE /* AnalyticsKitParseProvider.swift */; };
		6E73BDF51ECF8ED000657CDE /* AnalyticsKitNewRelicProvider.swift in Sources */ = {isa = PBXBuildFile; fileRef = 6E73BDF41ECF8ED000657CDE /* AnalyticsKitNewRelicProvider.swift */; };
		6E73BDF71ECF919700657CDE /* AnalyticsKitApsalarProvider.swift in Sources */ = {isa = PBXBuildFile; fileRef = 6E73BDF61ECF919700657CDE /* AnalyticsKitApsalarProvider.swift */; };
		6E73BDF91ECF968000657CDE /* AnalyticsKitViewController.swift in Sources */ = {isa = PBXBuildFile; fileRef = 6E73BDF81ECF968000657CDE /* AnalyticsKitViewController.swift */; };
		6E73BDFB1ECF96D000657CDE /* AnalyticsKitAppDelegate.swift in Sources */ = {isa = PBXBuildFile; fileRef = 6E73BDFA1ECF96D000657CDE /* AnalyticsKitAppDelegate.swift */; };
		6E73BDFE1ECFB90000657CDE /* AnalyticsKitIntercomProvider.swift in Sources */ = {isa = PBXBuildFile; fileRef = 6E73BDFD1ECFB90000657CDE /* AnalyticsKitIntercomProvider.swift */; };
		8B0964DD1D53D25500F7762D /* AnalyticsKitUnitTestProvider.swift in Sources */ = {isa = PBXBuildFile; fileRef = 8B0964DC1D53D25400F7762D /* AnalyticsKitUnitTestProvider.swift */; };
		8B0964DF1D53DE8E00F7762D /* AnalyticsKitEvent.swift in Sources */ = {isa = PBXBuildFile; fileRef = 8B0964DE1D53DE8E00F7762D /* AnalyticsKitEvent.swift */; };
		8B0964E11D53E13C00F7762D /* AnalyticsKitTimedEventHelper.swift in Sources */ = {isa = PBXBuildFile; fileRef = 8B0964E01D53E13C00F7762D /* AnalyticsKitTimedEventHelper.swift */; };
		8B09672A1D53ECAF00F7762D /* AnalyticsKitMParticleProvider.swift in Sources */ = {isa = PBXBuildFile; fileRef = 8B0967291D53ECAF00F7762D /* AnalyticsKitMParticleProvider.swift */; };
		8B3B60411D51597600B9A17D /* AnalyticsKit.swift in Sources */ = {isa = PBXBuildFile; fileRef = 8B3B60401D51597600B9A17D /* AnalyticsKit.swift */; };
		8B6DDF611DAEEFEF007DB912 /* AnalyticsKitMixpanelProvider.swift in Sources */ = {isa = PBXBuildFile; fileRef = 8B6DDF601DAEEFEF007DB912 /* AnalyticsKitMixpanelProvider.swift */; };
		8B99E9791E995CEC003C506B /* AnalyticsKitFlurryProvider.swift in Sources */ = {isa = PBXBuildFile; fileRef = 8BA2B7991D52A3D8008F5E60 /* AnalyticsKitFlurryProvider.swift */; };
		8B99E97B1E995DF6003C506B /* libApsalar.a in Frameworks */ = {isa = PBXBuildFile; fileRef = 9C0EF37D18E0F4C100D19A2C /* libApsalar.a */; };
		8BA2B7941D52A3A3008F5E60 /* AnalyticsKitDebugProvider.swift in Sources */ = {isa = PBXBuildFile; fileRef = 8BA2B7931D52A3A3008F5E60 /* AnalyticsKitDebugProvider.swift */; };
		8BA2B7961D52A3B5008F5E60 /* AnalyticsKitAdjustIOProvider.swift in Sources */ = {isa = PBXBuildFile; fileRef = 8BA2B7951D52A3B5008F5E60 /* AnalyticsKitAdjustIOProvider.swift */; };
		8BA2B7981D52A3C6008F5E60 /* AnalyticsKitCrashlyticsProvider.swift in Sources */ = {isa = PBXBuildFile; fileRef = 8BA2B7971D52A3C6008F5E60 /* AnalyticsKitCrashlyticsProvider.swift */; };
		8BA2B79C1D52A3E5008F5E60 /* AnalyticsKitGoogleAnalyticsProvider.swift in Sources */ = {isa = PBXBuildFile; fileRef = 8BA2B79B1D52A3E5008F5E60 /* AnalyticsKitGoogleAnalyticsProvider.swift */; };
		9C0EF36818E0EDB100D19A2C /* CoreTelephony.framework in Frameworks */ = {isa = PBXBuildFile; fileRef = 9C0EF36718E0EDB100D19A2C /* CoreTelephony.framework */; };
		9C0EF36A18E0EDBC00D19A2C /* SystemConfiguration.framework in Frameworks */ = {isa = PBXBuildFile; fileRef = 9C0EF36918E0EDBC00D19A2C /* SystemConfiguration.framework */; };
		9C0EF36E18E0EE5F00D19A2C /* CoreData.framework in Frameworks */ = {isa = PBXBuildFile; fileRef = 9C0EF36D18E0EE5F00D19A2C /* CoreData.framework */; };
		9C0EF37018E0EE9500D19A2C /* libz.dylib in Frameworks */ = {isa = PBXBuildFile; fileRef = 9C0EF36F18E0EE9500D19A2C /* libz.dylib */; };
		9C0EF37218E0EFC700D19A2C /* CFNetwork.framework in Frameworks */ = {isa = PBXBuildFile; fileRef = 9C0EF37118E0EFC700D19A2C /* CFNetwork.framework */; };
		9C0EF37418E0EFED00D19A2C /* MobileCoreServices.framework in Frameworks */ = {isa = PBXBuildFile; fileRef = 9C0EF37318E0EFED00D19A2C /* MobileCoreServices.framework */; };
		9C0EF37618E0F12A00D19A2C /* AdSupport.framework in Frameworks */ = {isa = PBXBuildFile; fileRef = 9C0EF37518E0F12A00D19A2C /* AdSupport.framework */; };
		9C0EF37C18E0F4AB00D19A2C /* libsqlite3.dylib in Frameworks */ = {isa = PBXBuildFile; fileRef = 9C0EF37B18E0F4AB00D19A2C /* libsqlite3.dylib */; };
		9C3799AE181838FD00488101 /* Foundation.framework in Frameworks */ = {isa = PBXBuildFile; fileRef = 9C3799AD181838FD00488101 /* Foundation.framework */; };
		9C3799B0181838FD00488101 /* CoreGraphics.framework in Frameworks */ = {isa = PBXBuildFile; fileRef = 9C3799AF181838FD00488101 /* CoreGraphics.framework */; };
		9C3799B2181838FD00488101 /* UIKit.framework in Frameworks */ = {isa = PBXBuildFile; fileRef = 9C3799B1181838FD00488101 /* UIKit.framework */; };
		9C3799B8181838FD00488101 /* InfoPlist.strings in Resources */ = {isa = PBXBuildFile; fileRef = 9C3799B6181838FD00488101 /* InfoPlist.strings */; };
		9C3799C6181838FD00488101 /* Images.xcassets in Resources */ = {isa = PBXBuildFile; fileRef = 9C3799C5181838FD00488101 /* Images.xcassets */; };
		9C3799CD181838FD00488101 /* XCTest.framework in Frameworks */ = {isa = PBXBuildFile; fileRef = 9C3799CC181838FD00488101 /* XCTest.framework */; };
		9C3799CE181838FD00488101 /* Foundation.framework in Frameworks */ = {isa = PBXBuildFile; fileRef = 9C3799AD181838FD00488101 /* Foundation.framework */; };
		9C3799CF181838FD00488101 /* UIKit.framework in Frameworks */ = {isa = PBXBuildFile; fileRef = 9C3799B1181838FD00488101 /* UIKit.framework */; };
		9C3799D7181838FD00488101 /* InfoPlist.strings in Resources */ = {isa = PBXBuildFile; fileRef = 9C3799D5181838FD00488101 /* InfoPlist.strings */; };
		9C3799D9181838FD00488101 /* AnalyticsKitTests.m in Sources */ = {isa = PBXBuildFile; fileRef = 9C3799D8181838FD00488101 /* AnalyticsKitTests.m */; };
/* End PBXBuildFile section */

/* Begin PBXContainerItemProxy section */
		9C3799D0181838FD00488101 /* PBXContainerItemProxy */ = {
			isa = PBXContainerItemProxy;
			containerPortal = 9C3799A2181838FD00488101 /* Project object */;
			proxyType = 1;
			remoteGlobalIDString = 9C3799A9181838FD00488101;
			remoteInfo = AnalyticsKit;
		};
/* End PBXContainerItemProxy section */

/* Begin PBXFileReference section */
		2E80B4821C526EFC00F8AD7A /* libicucore.tbd */ = {isa = PBXFileReference; lastKnownFileType = "sourcecode.text-based-dylib-definition"; name = libicucore.tbd; path = usr/lib/libicucore.tbd; sourceTree = SDKROOT; };
		34723EB158F95A8FF30287A5 /* Pods_AnalyticsKit.framework */ = {isa = PBXFileReference; explicitFileType = wrapper.framework; includeInIndex = 0; path = Pods_AnalyticsKit.framework; sourceTree = BUILT_PRODUCTS_DIR; };
		3EB9DA5B1E14BA2D0054FF4A /* AnalyticsKitWatchExtensionFlurryProvider.swift */ = {isa = PBXFileReference; fileEncoding = 4; lastKnownFileType = sourcecode.swift; path = AnalyticsKitWatchExtensionFlurryProvider.swift; sourceTree = "<group>"; };
		66B14F99163A5EF8EA9202A3 /* Pods-AnalyticsKit.release.xcconfig */ = {isa = PBXFileReference; includeInIndex = 1; lastKnownFileType = text.xcconfig; name = "Pods-AnalyticsKit.release.xcconfig"; path = "Pods/Target Support Files/Pods-AnalyticsKit/Pods-AnalyticsKit.release.xcconfig"; sourceTree = "<group>"; };
		6E73BDF01ECF833000657CDE /* AnalyticsKitLocalyticsProvider.swift */ = {isa = PBXFileReference; fileEncoding = 4; lastKnownFileType = sourcecode.swift; path = AnalyticsKitLocalyticsProvider.swift; sourceTree = "<group>"; };
		6E73BDF21ECF8CD800657CDE /* AnalyticsKitParseProvider.swift */ = {isa = PBXFileReference; fileEncoding = 4; lastKnownFileType = sourcecode.swift; path = AnalyticsKitParseProvider.swift; sourceTree = "<group>"; };
		6E73BDF41ECF8ED000657CDE /* AnalyticsKitNewRelicProvider.swift */ = {isa = PBXFileReference; fileEncoding = 4; lastKnownFileType = sourcecode.swift; path = AnalyticsKitNewRelicProvider.swift; sourceTree = "<group>"; };
		6E73BDF61ECF919700657CDE /* AnalyticsKitApsalarProvider.swift */ = {isa = PBXFileReference; fileEncoding = 4; lastKnownFileType = sourcecode.swift; path = AnalyticsKitApsalarProvider.swift; sourceTree = "<group>"; };
		6E73BDF81ECF968000657CDE /* AnalyticsKitViewController.swift */ = {isa = PBXFileReference; fileEncoding = 4; lastKnownFileType = sourcecode.swift; path = AnalyticsKitViewController.swift; sourceTree = "<group>"; };
		6E73BDFA1ECF96D000657CDE /* AnalyticsKitAppDelegate.swift */ = {isa = PBXFileReference; fileEncoding = 4; lastKnownFileType = sourcecode.swift; path = AnalyticsKitAppDelegate.swift; sourceTree = "<group>"; };
		6E73BDFD1ECFB90000657CDE /* AnalyticsKitIntercomProvider.swift */ = {isa = PBXFileReference; fileEncoding = 4; lastKnownFileType = sourcecode.swift; path = AnalyticsKitIntercomProvider.swift; sourceTree = "<group>"; };
		8B0964DC1D53D25400F7762D /* AnalyticsKitUnitTestProvider.swift */ = {isa = PBXFileReference; fileEncoding = 4; lastKnownFileType = sourcecode.swift; path = AnalyticsKitUnitTestProvider.swift; sourceTree = "<group>"; };
		8B0964DE1D53DE8E00F7762D /* AnalyticsKitEvent.swift */ = {isa = PBXFileReference; fileEncoding = 4; lastKnownFileType = sourcecode.swift; name = AnalyticsKitEvent.swift; path = ../../AnalyticsKitEvent.swift; sourceTree = "<group>"; };
		8B0964E01D53E13C00F7762D /* AnalyticsKitTimedEventHelper.swift */ = {isa = PBXFileReference; fileEncoding = 4; lastKnownFileType = sourcecode.swift; path = AnalyticsKitTimedEventHelper.swift; sourceTree = "<group>"; };
		8B0967291D53ECAF00F7762D /* AnalyticsKitMParticleProvider.swift */ = {isa = PBXFileReference; fileEncoding = 4; lastKnownFileType = sourcecode.swift; path = AnalyticsKitMParticleProvider.swift; sourceTree = "<group>"; };
		8B3B603F1D51597500B9A17D /* AnalyticsKit-Bridging-Header.h */ = {isa = PBXFileReference; lastKnownFileType = sourcecode.c.h; name = "AnalyticsKit-Bridging-Header.h"; path = "AnalyticsKit/AnalyticsKit-Bridging-Header.h"; sourceTree = "<group>"; };
		8B3B60401D51597600B9A17D /* AnalyticsKit.swift */ = {isa = PBXFileReference; fileEncoding = 4; lastKnownFileType = sourcecode.swift; name = AnalyticsKit.swift; path = ../../AnalyticsKit.swift; sourceTree = "<group>"; };
		8B3B60421D51769D00B9A17D /* AnalyticsKitTests-Bridging-Header.h */ = {isa = PBXFileReference; lastKnownFileType = sourcecode.c.h; path = "AnalyticsKitTests-Bridging-Header.h"; sourceTree = "<group>"; };
		8B6DDF601DAEEFEF007DB912 /* AnalyticsKitMixpanelProvider.swift */ = {isa = PBXFileReference; fileEncoding = 4; lastKnownFileType = sourcecode.swift; path = AnalyticsKitMixpanelProvider.swift; sourceTree = "<group>"; };
		8B6DDF621DAEF0F3007DB912 /* README.md */ = {isa = PBXFileReference; fileEncoding = 4; lastKnownFileType = net.daringfireball.markdown; name = README.md; path = ../README.md; sourceTree = "<group>"; };
		8BA2B7931D52A3A3008F5E60 /* AnalyticsKitDebugProvider.swift */ = {isa = PBXFileReference; fileEncoding = 4; lastKnownFileType = sourcecode.swift; name = AnalyticsKitDebugProvider.swift; path = ../../AnalyticsKitDebugProvider.swift; sourceTree = "<group>"; };
		8BA2B7951D52A3B5008F5E60 /* AnalyticsKitAdjustIOProvider.swift */ = {isa = PBXFileReference; fileEncoding = 4; lastKnownFileType = sourcecode.swift; path = AnalyticsKitAdjustIOProvider.swift; sourceTree = "<group>"; };
		8BA2B7971D52A3C6008F5E60 /* AnalyticsKitCrashlyticsProvider.swift */ = {isa = PBXFileReference; fileEncoding = 4; lastKnownFileType = sourcecode.swift; name = AnalyticsKitCrashlyticsProvider.swift; path = Crashlytics/AnalyticsKitCrashlyticsProvider.swift; sourceTree = "<group>"; };
		8BA2B7991D52A3D8008F5E60 /* AnalyticsKitFlurryProvider.swift */ = {isa = PBXFileReference; fileEncoding = 4; lastKnownFileType = sourcecode.swift; path = AnalyticsKitFlurryProvider.swift; sourceTree = "<group>"; };
		8BA2B79B1D52A3E5008F5E60 /* AnalyticsKitGoogleAnalyticsProvider.swift */ = {isa = PBXFileReference; fileEncoding = 4; lastKnownFileType = sourcecode.swift; path = AnalyticsKitGoogleAnalyticsProvider.swift; sourceTree = "<group>"; };
		9C0EF32318E0DB7F00D19A2C /* Apsalar.h */ = {isa = PBXFileReference; fileEncoding = 4; lastKnownFileType = sourcecode.c.h; path = Apsalar.h; sourceTree = "<group>"; };
		9C0EF36718E0EDB100D19A2C /* CoreTelephony.framework */ = {isa = PBXFileReference; lastKnownFileType = wrapper.framework; name = CoreTelephony.framework; path = System/Library/Frameworks/CoreTelephony.framework; sourceTree = SDKROOT; };
		9C0EF36918E0EDBC00D19A2C /* SystemConfiguration.framework */ = {isa = PBXFileReference; lastKnownFileType = wrapper.framework; name = SystemConfiguration.framework; path = System/Library/Frameworks/SystemConfiguration.framework; sourceTree = SDKROOT; };
		9C0EF36D18E0EE5F00D19A2C /* CoreData.framework */ = {isa = PBXFileReference; lastKnownFileType = wrapper.framework; name = CoreData.framework; path = System/Library/Frameworks/CoreData.framework; sourceTree = SDKROOT; };
		9C0EF36F18E0EE9500D19A2C /* libz.dylib */ = {isa = PBXFileReference; lastKnownFileType = "compiled.mach-o.dylib"; name = libz.dylib; path = usr/lib/libz.dylib; sourceTree = SDKROOT; };
		9C0EF37118E0EFC700D19A2C /* CFNetwork.framework */ = {isa = PBXFileReference; lastKnownFileType = wrapper.framework; name = CFNetwork.framework; path = System/Library/Frameworks/CFNetwork.framework; sourceTree = SDKROOT; };
		9C0EF37318E0EFED00D19A2C /* MobileCoreServices.framework */ = {isa = PBXFileReference; lastKnownFileType = wrapper.framework; name = MobileCoreServices.framework; path = System/Library/Frameworks/MobileCoreServices.framework; sourceTree = SDKROOT; };
		9C0EF37518E0F12A00D19A2C /* AdSupport.framework */ = {isa = PBXFileReference; lastKnownFileType = wrapper.framework; name = AdSupport.framework; path = System/Library/Frameworks/AdSupport.framework; sourceTree = SDKROOT; };
		9C0EF37B18E0F4AB00D19A2C /* libsqlite3.dylib */ = {isa = PBXFileReference; lastKnownFileType = "compiled.mach-o.dylib"; name = libsqlite3.dylib; path = usr/lib/libsqlite3.dylib; sourceTree = SDKROOT; };
		9C0EF37D18E0F4C100D19A2C /* libApsalar.a */ = {isa = PBXFileReference; lastKnownFileType = archive.ar; path = libApsalar.a; sourceTree = "<group>"; };
		9C3799AA181838FD00488101 /* AnalyticsKit.app */ = {isa = PBXFileReference; explicitFileType = wrapper.application; includeInIndex = 0; path = AnalyticsKit.app; sourceTree = BUILT_PRODUCTS_DIR; };
		9C3799AD181838FD00488101 /* Foundation.framework */ = {isa = PBXFileReference; lastKnownFileType = wrapper.framework; name = Foundation.framework; path = System/Library/Frameworks/Foundation.framework; sourceTree = SDKROOT; };
		9C3799AF181838FD00488101 /* CoreGraphics.framework */ = {isa = PBXFileReference; lastKnownFileType = wrapper.framework; name = CoreGraphics.framework; path = System/Library/Frameworks/CoreGraphics.framework; sourceTree = SDKROOT; };
		9C3799B1181838FD00488101 /* UIKit.framework */ = {isa = PBXFileReference; lastKnownFileType = wrapper.framework; name = UIKit.framework; path = System/Library/Frameworks/UIKit.framework; sourceTree = SDKROOT; };
		9C3799B5181838FD00488101 /* AnalyticsKit-Info.plist */ = {isa = PBXFileReference; lastKnownFileType = text.plist.xml; path = "AnalyticsKit-Info.plist"; sourceTree = "<group>"; };
		9C3799B7181838FD00488101 /* en */ = {isa = PBXFileReference; lastKnownFileType = text.plist.strings; name = en; path = en.lproj/InfoPlist.strings; sourceTree = "<group>"; };
		9C3799BB181838FD00488101 /* AnalyticsKit-Prefix.pch */ = {isa = PBXFileReference; lastKnownFileType = sourcecode.c.h; path = "AnalyticsKit-Prefix.pch"; sourceTree = "<group>"; };
		9C3799C5181838FD00488101 /* Images.xcassets */ = {isa = PBXFileReference; lastKnownFileType = folder.assetcatalog; path = Images.xcassets; sourceTree = "<group>"; };
		9C3799CB181838FD00488101 /* AnalyticsKitTests.xctest */ = {isa = PBXFileReference; explicitFileType = wrapper.cfbundle; includeInIndex = 0; path = AnalyticsKitTests.xctest; sourceTree = BUILT_PRODUCTS_DIR; };
		9C3799CC181838FD00488101 /* XCTest.framework */ = {isa = PBXFileReference; lastKnownFileType = wrapper.framework; name = XCTest.framework; path = Library/Frameworks/XCTest.framework; sourceTree = DEVELOPER_DIR; };
		9C3799D4181838FD00488101 /* AnalyticsKitTests-Info.plist */ = {isa = PBXFileReference; lastKnownFileType = text.plist.xml; path = "AnalyticsKitTests-Info.plist"; sourceTree = "<group>"; };
		9C3799D6181838FD00488101 /* en */ = {isa = PBXFileReference; lastKnownFileType = text.plist.strings; name = en; path = en.lproj/InfoPlist.strings; sourceTree = "<group>"; };
		9C3799D8181838FD00488101 /* AnalyticsKitTests.m */ = {isa = PBXFileReference; lastKnownFileType = sourcecode.c.objc; path = AnalyticsKitTests.m; sourceTree = "<group>"; };
		A05A3FA301E799CDB1CFCD94 /* Pods_AnalyticsKitTests.framework */ = {isa = PBXFileReference; explicitFileType = wrapper.framework; includeInIndex = 0; path = Pods_AnalyticsKitTests.framework; sourceTree = BUILT_PRODUCTS_DIR; };
		ACDB2B2A0B1ACE41D2ABA939 /* Pods-AnalyticsKitTests.release.xcconfig */ = {isa = PBXFileReference; includeInIndex = 1; lastKnownFileType = text.xcconfig; name = "Pods-AnalyticsKitTests.release.xcconfig"; path = "Pods/Target Support Files/Pods-AnalyticsKitTests/Pods-AnalyticsKitTests.release.xcconfig"; sourceTree = "<group>"; };
		B1FCCFAD6F37D68A4CE8386A /* Pods-AnalyticsKit.debug.xcconfig */ = {isa = PBXFileReference; includeInIndex = 1; lastKnownFileType = text.xcconfig; name = "Pods-AnalyticsKit.debug.xcconfig"; path = "Pods/Target Support Files/Pods-AnalyticsKit/Pods-AnalyticsKit.debug.xcconfig"; sourceTree = "<group>"; };
		CAC72BDCB2679B3279429F0D /* Pods-AnalyticsKitTests.debug.xcconfig */ = {isa = PBXFileReference; includeInIndex = 1; lastKnownFileType = text.xcconfig; name = "Pods-AnalyticsKitTests.debug.xcconfig"; path = "Pods/Target Support Files/Pods-AnalyticsKitTests/Pods-AnalyticsKitTests.debug.xcconfig"; sourceTree = "<group>"; };
/* End PBXFileReference section */

/* Begin PBXFrameworksBuildPhase section */
		9C3799A7181838FD00488101 /* Frameworks */ = {
			isa = PBXFrameworksBuildPhase;
			buildActionMask = 2147483647;
			files = (
				2E80B4831C526EFC00F8AD7A /* libicucore.tbd in Frameworks */,
				9C0EF37C18E0F4AB00D19A2C /* libsqlite3.dylib in Frameworks */,
				9C0EF37618E0F12A00D19A2C /* AdSupport.framework in Frameworks */,
				9C0EF37418E0EFED00D19A2C /* MobileCoreServices.framework in Frameworks */,
				9C0EF37218E0EFC700D19A2C /* CFNetwork.framework in Frameworks */,
				9C0EF37018E0EE9500D19A2C /* libz.dylib in Frameworks */,
				9C0EF36E18E0EE5F00D19A2C /* CoreData.framework in Frameworks */,
				9C0EF36A18E0EDBC00D19A2C /* SystemConfiguration.framework in Frameworks */,
				9C0EF36818E0EDB100D19A2C /* CoreTelephony.framework in Frameworks */,
				9C3799B0181838FD00488101 /* CoreGraphics.framework in Frameworks */,
				9C3799B2181838FD00488101 /* UIKit.framework in Frameworks */,
				8B99E97B1E995DF6003C506B /* libApsalar.a in Frameworks */,
				9C3799AE181838FD00488101 /* Foundation.framework in Frameworks */,
				6646A0D286D26A8A3739A1BB /* Pods_AnalyticsKit.framework in Frameworks */,
			);
			runOnlyForDeploymentPostprocessing = 0;
		};
		9C3799C8181838FD00488101 /* Frameworks */ = {
			isa = PBXFrameworksBuildPhase;
			buildActionMask = 2147483647;
			files = (
				2EE8B81C1C52CAF300DC2534 /* libicucore.tbd in Frameworks */,
				9C3799CD181838FD00488101 /* XCTest.framework in Frameworks */,
				9C3799CF181838FD00488101 /* UIKit.framework in Frameworks */,
				9C3799CE181838FD00488101 /* Foundation.framework in Frameworks */,
				3C0E31884581BEA8F2CEBC63 /* Pods_AnalyticsKitTests.framework in Frameworks */,
			);
			runOnlyForDeploymentPostprocessing = 0;
		};
/* End PBXFrameworksBuildPhase section */

/* Begin PBXGroup section */
		6E73BDFC1ECFB90000657CDE /* Intercom */ = {
			isa = PBXGroup;
			children = (
				6E73BDFD1ECFB90000657CDE /* AnalyticsKitIntercomProvider.swift */,
			);
			path = Intercom;
			sourceTree = "<group>";
		};
		8B0967281D53ECAF00F7762D /* mParticle */ = {
			isa = PBXGroup;
			children = (
				8B0967291D53ECAF00F7762D /* AnalyticsKitMParticleProvider.swift */,
			);
			path = mParticle;
			sourceTree = "<group>";
		};
		9C0EF30E18E0D0F300D19A2C /* ProviderLibraries */ = {
			isa = PBXGroup;
			children = (
				9C0EF32218E0DB7F00D19A2C /* ApSalar */,
			);
			name = ProviderLibraries;
			sourceTree = "<group>";
		};
		9C0EF32218E0DB7F00D19A2C /* ApSalar */ = {
			isa = PBXGroup;
			children = (
				9C0EF37D18E0F4C100D19A2C /* libApsalar.a */,
				9C0EF32318E0DB7F00D19A2C /* Apsalar.h */,
			);
			name = ApSalar;
			path = ProviderLibraries/ApSalar;
			sourceTree = "<group>";
		};
		9C3799A1181838FD00488101 = {
			isa = PBXGroup;
			children = (
				8B3B603F1D51597500B9A17D /* AnalyticsKit-Bridging-Header.h */,
				8B6DDF621DAEF0F3007DB912 /* README.md */,
				9C3799B3181838FD00488101 /* AnalyticsKit */,
				9C3799D2181838FD00488101 /* AnalyticsKitTests */,
				9C3799AC181838FD00488101 /* Frameworks */,
				9C3799AB181838FD00488101 /* Products */,
				EDD541DB125BE2B5576F16FF /* Pods */,
			);
			sourceTree = "<group>";
		};
		9C3799AB181838FD00488101 /* Products */ = {
			isa = PBXGroup;
			children = (
				9C3799AA181838FD00488101 /* AnalyticsKit.app */,
				9C3799CB181838FD00488101 /* AnalyticsKitTests.xctest */,
			);
			name = Products;
			sourceTree = "<group>";
		};
		9C3799AC181838FD00488101 /* Frameworks */ = {
			isa = PBXGroup;
			children = (
				2E80B4821C526EFC00F8AD7A /* libicucore.tbd */,
				9C0EF37B18E0F4AB00D19A2C /* libsqlite3.dylib */,
				9C0EF37518E0F12A00D19A2C /* AdSupport.framework */,
				9C0EF37318E0EFED00D19A2C /* MobileCoreServices.framework */,
				9C0EF37118E0EFC700D19A2C /* CFNetwork.framework */,
				9C0EF36F18E0EE9500D19A2C /* libz.dylib */,
				9C0EF36D18E0EE5F00D19A2C /* CoreData.framework */,
				9C0EF36918E0EDBC00D19A2C /* SystemConfiguration.framework */,
				9C0EF36718E0EDB100D19A2C /* CoreTelephony.framework */,
				9C3799AD181838FD00488101 /* Foundation.framework */,
				9C3799AF181838FD00488101 /* CoreGraphics.framework */,
				9C3799B1181838FD00488101 /* UIKit.framework */,
				9C3799CC181838FD00488101 /* XCTest.framework */,
				34723EB158F95A8FF30287A5 /* Pods_AnalyticsKit.framework */,
				A05A3FA301E799CDB1CFCD94 /* Pods_AnalyticsKitTests.framework */,
			);
			name = Frameworks;
			sourceTree = "<group>";
		};
		9C3799B3181838FD00488101 /* AnalyticsKit */ = {
			isa = PBXGroup;
			children = (
				6E73BDFA1ECF96D000657CDE /* AnalyticsKitAppDelegate.swift */,
				6E73BDF81ECF968000657CDE /* AnalyticsKitViewController.swift */,
				8B3B60401D51597600B9A17D /* AnalyticsKit.swift */,
				8BA2B7931D52A3A3008F5E60 /* AnalyticsKitDebugProvider.swift */,
				8B0964DE1D53DE8E00F7762D /* AnalyticsKitEvent.swift */,
				8B0964DC1D53D25400F7762D /* AnalyticsKitUnitTestProvider.swift */,
				8B0964E01D53E13C00F7762D /* AnalyticsKitTimedEventHelper.swift */,
				9C3799EE18183A6B00488101 /* Providers */,
				9C3799C5181838FD00488101 /* Images.xcassets */,
				9C3799B4181838FD00488101 /* Supporting Files */,
			);
			path = AnalyticsKit;
			sourceTree = "<group>";
		};
		9C3799B4181838FD00488101 /* Supporting Files */ = {
			isa = PBXGroup;
			children = (
				9C0EF30E18E0D0F300D19A2C /* ProviderLibraries */,
				9C3799B5181838FD00488101 /* AnalyticsKit-Info.plist */,
				9C3799B6181838FD00488101 /* InfoPlist.strings */,
				9C3799BB181838FD00488101 /* AnalyticsKit-Prefix.pch */,
			);
			name = "Supporting Files";
			sourceTree = "<group>";
		};
		9C3799D2181838FD00488101 /* AnalyticsKitTests */ = {
			isa = PBXGroup;
			children = (
				9C3799D8181838FD00488101 /* AnalyticsKitTests.m */,
				9C3799D3181838FD00488101 /* Supporting Files */,
				8B3B60421D51769D00B9A17D /* AnalyticsKitTests-Bridging-Header.h */,
			);
			path = AnalyticsKitTests;
			sourceTree = "<group>";
		};
		9C3799D3181838FD00488101 /* Supporting Files */ = {
			isa = PBXGroup;
			children = (
				9C3799D4181838FD00488101 /* AnalyticsKitTests-Info.plist */,
				9C3799D5181838FD00488101 /* InfoPlist.strings */,
			);
			name = "Supporting Files";
			sourceTree = "<group>";
		};
		9C3799EE18183A6B00488101 /* Providers */ = {
			isa = PBXGroup;
			children = (
				6E73BDFC1ECFB90000657CDE /* Intercom */,
				9C3799EF18183A6B00488101 /* AdjustIO */,
				9C3799F218183A6B00488101 /* Apsalar */,
				9C379A1818183BAD00488101 /* Crashlytics */,
				9C3799F518183A6B00488101 /* Flurry */,
				9C3799F818183A6B00488101 /* Google Analytics */,
				9C3799FB18183A6B00488101 /* Localytics */,
				9C3799FE18183A6B00488101 /* Mixpanel */,
				8B0967281D53ECAF00F7762D /* mParticle */,
				9C379A0118183A6B00488101 /* New Relic */,
				9C379A0418183A6B00488101 /* Parse */,
			);
			name = Providers;
			path = ../../Providers;
			sourceTree = "<group>";
		};
		9C3799EF18183A6B00488101 /* AdjustIO */ = {
			isa = PBXGroup;
			children = (
				8BA2B7951D52A3B5008F5E60 /* AnalyticsKitAdjustIOProvider.swift */,
			);
			path = AdjustIO;
			sourceTree = "<group>";
		};
		9C3799F218183A6B00488101 /* Apsalar */ = {
			isa = PBXGroup;
			children = (
				6E73BDF61ECF919700657CDE /* AnalyticsKitApsalarProvider.swift */,
			);
			path = Apsalar;
			sourceTree = "<group>";
		};
		9C3799F518183A6B00488101 /* Flurry */ = {
			isa = PBXGroup;
			children = (
				8BA2B7991D52A3D8008F5E60 /* AnalyticsKitFlurryProvider.swift */,
				3EB9DA5B1E14BA2D0054FF4A /* AnalyticsKitWatchExtensionFlurryProvider.swift */,
			);
			path = Flurry;
			sourceTree = "<group>";
		};
		9C3799F818183A6B00488101 /* Google Analytics */ = {
			isa = PBXGroup;
			children = (
				8BA2B79B1D52A3E5008F5E60 /* AnalyticsKitGoogleAnalyticsProvider.swift */,
			);
			path = "Google Analytics";
			sourceTree = "<group>";
		};
		9C3799FB18183A6B00488101 /* Localytics */ = {
			isa = PBXGroup;
			children = (
				6E73BDF01ECF833000657CDE /* AnalyticsKitLocalyticsProvider.swift */,
			);
			path = Localytics;
			sourceTree = "<group>";
		};
		9C3799FE18183A6B00488101 /* Mixpanel */ = {
			isa = PBXGroup;
			children = (
				8B6DDF601DAEEFEF007DB912 /* AnalyticsKitMixpanelProvider.swift */,
			);
			path = Mixpanel;
			sourceTree = "<group>";
		};
		9C379A0118183A6B00488101 /* New Relic */ = {
			isa = PBXGroup;
			children = (
				6E73BDF41ECF8ED000657CDE /* AnalyticsKitNewRelicProvider.swift */,
			);
			path = "New Relic";
			sourceTree = "<group>";
		};
		9C379A0418183A6B00488101 /* Parse */ = {
			isa = PBXGroup;
			children = (
				6E73BDF21ECF8CD800657CDE /* AnalyticsKitParseProvider.swift */,
			);
			path = Parse;
			sourceTree = "<group>";
		};
		9C379A1818183BAD00488101 /* Crashlytics */ = {
			isa = PBXGroup;
			children = (
				8BA2B7971D52A3C6008F5E60 /* AnalyticsKitCrashlyticsProvider.swift */,
			);
			name = Crashlytics;
			sourceTree = "<group>";
		};
		EDD541DB125BE2B5576F16FF /* Pods */ = {
			isa = PBXGroup;
			children = (
				B1FCCFAD6F37D68A4CE8386A /* Pods-AnalyticsKit.debug.xcconfig */,
				66B14F99163A5EF8EA9202A3 /* Pods-AnalyticsKit.release.xcconfig */,
				CAC72BDCB2679B3279429F0D /* Pods-AnalyticsKitTests.debug.xcconfig */,
				ACDB2B2A0B1ACE41D2ABA939 /* Pods-AnalyticsKitTests.release.xcconfig */,
			);
			name = Pods;
			sourceTree = "<group>";
		};
/* End PBXGroup section */

/* Begin PBXNativeTarget section */
		9C3799A9181838FD00488101 /* AnalyticsKit */ = {
			isa = PBXNativeTarget;
			buildConfigurationList = 9C3799DC181838FD00488101 /* Build configuration list for PBXNativeTarget "AnalyticsKit" */;
			buildPhases = (
				C93E86C48A85F977CBF8E2B9 /* [CP] Check Pods Manifest.lock */,
				9C3799A6181838FD00488101 /* Sources */,
				9C3799A7181838FD00488101 /* Frameworks */,
				9C3799A8181838FD00488101 /* Resources */,
				BEA7C8531B56D12924A55E68 /* [CP] Embed Pods Frameworks */,
				CCFE90F37DF7DFD7EB03966B /* [CP] Copy Pods Resources */,
			);
			buildRules = (
			);
			dependencies = (
			);
			name = AnalyticsKit;
			productName = AnalyticsKit;
			productReference = 9C3799AA181838FD00488101 /* AnalyticsKit.app */;
			productType = "com.apple.product-type.application";
		};
		9C3799CA181838FD00488101 /* AnalyticsKitTests */ = {
			isa = PBXNativeTarget;
			buildConfigurationList = 9C3799DF181838FD00488101 /* Build configuration list for PBXNativeTarget "AnalyticsKitTests" */;
			buildPhases = (
				339CFFFA9A43CC38910E7DFC /* [CP] Check Pods Manifest.lock */,
				9C3799C7181838FD00488101 /* Sources */,
				9C3799C8181838FD00488101 /* Frameworks */,
				9C3799C9181838FD00488101 /* Resources */,
				742236731FA5C16F5B937683 /* [CP] Embed Pods Frameworks */,
				07FA51BDCED5D5A026CAB096 /* [CP] Copy Pods Resources */,
			);
			buildRules = (
			);
			dependencies = (
				9C3799D1181838FD00488101 /* PBXTargetDependency */,
			);
			name = AnalyticsKitTests;
			productName = AnalyticsKitTests;
			productReference = 9C3799CB181838FD00488101 /* AnalyticsKitTests.xctest */;
			productType = "com.apple.product-type.bundle.unit-test";
		};
/* End PBXNativeTarget section */

/* Begin PBXProject section */
		9C3799A2181838FD00488101 /* Project object */ = {
			isa = PBXProject;
			attributes = {
				CLASSPREFIX = AnalyticsKit;
				LastSwiftUpdateCheck = 0730;
				LastUpgradeCheck = 0900;
				ORGANIZATIONNAME = "Two Bit Labs";
				TargetAttributes = {
					9C3799A9181838FD00488101 = {
						DevelopmentTeam = 699723NDVT;
						LastSwiftMigration = 0900;
					};
					9C3799CA181838FD00488101 = {
						DevelopmentTeam = 699723NDVT;
						LastSwiftMigration = 0900;
						TestTargetID = 9C3799A9181838FD00488101;
					};
				};
			};
			buildConfigurationList = 9C3799A5181838FD00488101 /* Build configuration list for PBXProject "AnalyticsKit" */;
			compatibilityVersion = "Xcode 3.2";
			developmentRegion = English;
			hasScannedForEncodings = 0;
			knownRegions = (
				en,
				Base,
			);
			mainGroup = 9C3799A1181838FD00488101;
			productRefGroup = 9C3799AB181838FD00488101 /* Products */;
			projectDirPath = "";
			projectRoot = "";
			targets = (
				9C3799A9181838FD00488101 /* AnalyticsKit */,
				9C3799CA181838FD00488101 /* AnalyticsKitTests */,
			);
		};
/* End PBXProject section */

/* Begin PBXResourcesBuildPhase section */
		9C3799A8181838FD00488101 /* Resources */ = {
			isa = PBXResourcesBuildPhase;
			buildActionMask = 2147483647;
			files = (
				9C3799C6181838FD00488101 /* Images.xcassets in Resources */,
				9C3799B8181838FD00488101 /* InfoPlist.strings in Resources */,
			);
			runOnlyForDeploymentPostprocessing = 0;
		};
		9C3799C9181838FD00488101 /* Resources */ = {
			isa = PBXResourcesBuildPhase;
			buildActionMask = 2147483647;
			files = (
				9C3799D7181838FD00488101 /* InfoPlist.strings in Resources */,
			);
			runOnlyForDeploymentPostprocessing = 0;
		};
/* End PBXResourcesBuildPhase section */

/* Begin PBXShellScriptBuildPhase section */
		07FA51BDCED5D5A026CAB096 /* [CP] Copy Pods Resources */ = {
			isa = PBXShellScriptBuildPhase;
			buildActionMask = 2147483647;
			files = (
			);
			inputPaths = (
			);
			name = "[CP] Copy Pods Resources";
			outputPaths = (
			);
			runOnlyForDeploymentPostprocessing = 0;
			shellPath = /bin/sh;
			shellScript = "\"${SRCROOT}/Pods/Target Support Files/Pods-AnalyticsKitTests/Pods-AnalyticsKitTests-resources.sh\"\n";
			showEnvVarsInLog = 0;
		};
		339CFFFA9A43CC38910E7DFC /* [CP] Check Pods Manifest.lock */ = {
			isa = PBXShellScriptBuildPhase;
			buildActionMask = 2147483647;
			files = (
			);
			inputPaths = (
			);
			name = "[CP] Check Pods Manifest.lock";
			outputPaths = (
			);
			runOnlyForDeploymentPostprocessing = 0;
			shellPath = /bin/sh;
			shellScript = "diff \"${PODS_PODFILE_DIR_PATH}/Podfile.lock\" \"${PODS_ROOT}/Manifest.lock\" > /dev/null\nif [ $? != 0 ] ; then\n    # print error to STDERR\n    echo \"error: The sandbox is not in sync with the Podfile.lock. Run 'pod install' or update your CocoaPods installation.\" >&2\n    exit 1\nfi\n";
			showEnvVarsInLog = 0;
		};
		742236731FA5C16F5B937683 /* [CP] Embed Pods Frameworks */ = {
			isa = PBXShellScriptBuildPhase;
			buildActionMask = 2147483647;
			files = (
			);
			inputPaths = (
			);
			name = "[CP] Embed Pods Frameworks";
			outputPaths = (
			);
			runOnlyForDeploymentPostprocessing = 0;
			shellPath = /bin/sh;
			shellScript = "\"${SRCROOT}/Pods/Target Support Files/Pods-AnalyticsKitTests/Pods-AnalyticsKitTests-frameworks.sh\"\n";
			showEnvVarsInLog = 0;
		};
		BEA7C8531B56D12924A55E68 /* [CP] Embed Pods Frameworks */ = {
			isa = PBXShellScriptBuildPhase;
			buildActionMask = 2147483647;
			files = (
			);
			inputPaths = (
			);
			name = "[CP] Embed Pods Frameworks";
			outputPaths = (
			);
			runOnlyForDeploymentPostprocessing = 0;
			shellPath = /bin/sh;
			shellScript = "\"${SRCROOT}/Pods/Target Support Files/Pods-AnalyticsKit/Pods-AnalyticsKit-frameworks.sh\"\n";
			showEnvVarsInLog = 0;
		};
		C93E86C48A85F977CBF8E2B9 /* [CP] Check Pods Manifest.lock */ = {
			isa = PBXShellScriptBuildPhase;
			buildActionMask = 2147483647;
			files = (
			);
			inputPaths = (
			);
			name = "[CP] Check Pods Manifest.lock";
			outputPaths = (
			);
			runOnlyForDeploymentPostprocessing = 0;
			shellPath = /bin/sh;
			shellScript = "diff \"${PODS_PODFILE_DIR_PATH}/Podfile.lock\" \"${PODS_ROOT}/Manifest.lock\" > /dev/null\nif [ $? != 0 ] ; then\n    # print error to STDERR\n    echo \"error: The sandbox is not in sync with the Podfile.lock. Run 'pod install' or update your CocoaPods installation.\" >&2\n    exit 1\nfi\n";
			showEnvVarsInLog = 0;
		};
		CCFE90F37DF7DFD7EB03966B /* [CP] Copy Pods Resources */ = {
			isa = PBXShellScriptBuildPhase;
			buildActionMask = 2147483647;
			files = (
			);
			inputPaths = (
			);
			name = "[CP] Copy Pods Resources";
			outputPaths = (
			);
			runOnlyForDeploymentPostprocessing = 0;
			shellPath = /bin/sh;
			shellScript = "\"${SRCROOT}/Pods/Target Support Files/Pods-AnalyticsKit/Pods-AnalyticsKit-resources.sh\"\n";
			showEnvVarsInLog = 0;
		};
/* End PBXShellScriptBuildPhase section */

/* Begin PBXSourcesBuildPhase section */
		9C3799A6181838FD00488101 /* Sources */ = {
			isa = PBXSourcesBuildPhase;
			buildActionMask = 2147483647;
			files = (
				6E73BDFB1ECF96D000657CDE /* AnalyticsKitAppDelegate.swift in Sources */,
				8B6DDF611DAEEFEF007DB912 /* AnalyticsKitMixpanelProvider.swift in Sources */,
				8BA2B7941D52A3A3008F5E60 /* AnalyticsKitDebugProvider.swift in Sources */,
				6E73BDFE1ECFB90000657CDE /* AnalyticsKitIntercomProvider.swift in Sources */,
				6E73BDF51ECF8ED000657CDE /* AnalyticsKitNewRelicProvider.swift in Sources */,
				6E73BDF31ECF8CD800657CDE /* AnalyticsKitParseProvider.swift in Sources */,
				8B0964E11D53E13C00F7762D /* AnalyticsKitTimedEventHelper.swift in Sources */,
				6E73BDF71ECF919700657CDE /* AnalyticsKitApsalarProvider.swift in Sources */,
				8BA2B79C1D52A3E5008F5E60 /* AnalyticsKitGoogleAnalyticsProvider.swift in Sources */,
				6E73BDF91ECF968000657CDE /* AnalyticsKitViewController.swift in Sources */,
				6E73BDF11ECF833000657CDE /* AnalyticsKitLocalyticsProvider.swift in Sources */,
				8BA2B7981D52A3C6008F5E60 /* AnalyticsKitCrashlyticsProvider.swift in Sources */,
				8BA2B7961D52A3B5008F5E60 /* AnalyticsKitAdjustIOProvider.swift in Sources */,
				8B0964DF1D53DE8E00F7762D /* AnalyticsKitEvent.swift in Sources */,
				8B99E9791E995CEC003C506B /* AnalyticsKitFlurryProvider.swift in Sources */,
				8B09672A1D53ECAF00F7762D /* AnalyticsKitMParticleProvider.swift in Sources */,
				8B3B60411D51597600B9A17D /* AnalyticsKit.swift in Sources */,
				8B0964DD1D53D25500F7762D /* AnalyticsKitUnitTestProvider.swift in Sources */,
			);
			runOnlyForDeploymentPostprocessing = 0;
		};
		9C3799C7181838FD00488101 /* Sources */ = {
			isa = PBXSourcesBuildPhase;
			buildActionMask = 2147483647;
			files = (
				9C3799D9181838FD00488101 /* AnalyticsKitTests.m in Sources */,
			);
			runOnlyForDeploymentPostprocessing = 0;
		};
/* End PBXSourcesBuildPhase section */

/* Begin PBXTargetDependency section */
		9C3799D1181838FD00488101 /* PBXTargetDependency */ = {
			isa = PBXTargetDependency;
			target = 9C3799A9181838FD00488101 /* AnalyticsKit */;
			targetProxy = 9C3799D0181838FD00488101 /* PBXContainerItemProxy */;
		};
/* End PBXTargetDependency section */

/* Begin PBXVariantGroup section */
		9C3799B6181838FD00488101 /* InfoPlist.strings */ = {
			isa = PBXVariantGroup;
			children = (
				9C3799B7181838FD00488101 /* en */,
			);
			name = InfoPlist.strings;
			sourceTree = "<group>";
		};
		9C3799D5181838FD00488101 /* InfoPlist.strings */ = {
			isa = PBXVariantGroup;
			children = (
				9C3799D6181838FD00488101 /* en */,
			);
			name = InfoPlist.strings;
			sourceTree = "<group>";
		};
/* End PBXVariantGroup section */

/* Begin XCBuildConfiguration section */
		9C3799DA181838FD00488101 /* Debug */ = {
			isa = XCBuildConfiguration;
			buildSettings = {
				ALWAYS_SEARCH_USER_PATHS = NO;
				CLANG_CXX_LANGUAGE_STANDARD = "gnu++0x";
				CLANG_CXX_LIBRARY = "libc++";
				CLANG_ENABLE_MODULES = YES;
				CLANG_ENABLE_OBJC_ARC = YES;
				CLANG_WARN_BLOCK_CAPTURE_AUTORELEASING = YES;
				CLANG_WARN_BOOL_CONVERSION = YES;
				CLANG_WARN_COMMA = YES;
				CLANG_WARN_CONSTANT_CONVERSION = YES;
				CLANG_WARN_DIRECT_OBJC_ISA_USAGE = YES_ERROR;
				CLANG_WARN_EMPTY_BODY = YES;
				CLANG_WARN_ENUM_CONVERSION = YES;
				CLANG_WARN_INFINITE_RECURSION = YES;
				CLANG_WARN_INT_CONVERSION = YES;
				CLANG_WARN_NON_LITERAL_NULL_CONVERSION = YES;
				CLANG_WARN_OBJC_LITERAL_CONVERSION = YES;
				CLANG_WARN_OBJC_ROOT_CLASS = YES_ERROR;
				CLANG_WARN_RANGE_LOOP_ANALYSIS = YES;
				CLANG_WARN_STRICT_PROTOTYPES = YES;
				CLANG_WARN_SUSPICIOUS_MOVE = YES;
				CLANG_WARN_UNREACHABLE_CODE = YES;
				CLANG_WARN__DUPLICATE_METHOD_MATCH = YES;
				"CODE_SIGN_IDENTITY[sdk=iphoneos*]" = "iPhone Developer";
				COPY_PHASE_STRIP = NO;
				ENABLE_STRICT_OBJC_MSGSEND = YES;
				ENABLE_TESTABILITY = YES;
				GCC_C_LANGUAGE_STANDARD = gnu99;
				GCC_DYNAMIC_NO_PIC = NO;
				GCC_NO_COMMON_BLOCKS = YES;
				GCC_OPTIMIZATION_LEVEL = 0;
				GCC_PREPROCESSOR_DEFINITIONS = (
					"DEBUG=1",
					"$(inherited)",
				);
				GCC_SYMBOLS_PRIVATE_EXTERN = NO;
				GCC_WARN_64_TO_32_BIT_CONVERSION = YES;
				GCC_WARN_ABOUT_RETURN_TYPE = YES_ERROR;
				GCC_WARN_UNDECLARED_SELECTOR = YES;
				GCC_WARN_UNINITIALIZED_AUTOS = YES;
				GCC_WARN_UNUSED_FUNCTION = YES;
				GCC_WARN_UNUSED_VARIABLE = YES;
				IPHONEOS_DEPLOYMENT_TARGET = 8.0;
				ONLY_ACTIVE_ARCH = YES;
				SDKROOT = iphoneos;
				SWIFT_OBJC_INTERFACE_HEADER_NAME = "AnalyticsKit-Swift.h";
			};
			name = Debug;
		};
		9C3799DB181838FD00488101 /* Release */ = {
			isa = XCBuildConfiguration;
			buildSettings = {
				ALWAYS_SEARCH_USER_PATHS = NO;
				CLANG_CXX_LANGUAGE_STANDARD = "gnu++0x";
				CLANG_CXX_LIBRARY = "libc++";
				CLANG_ENABLE_MODULES = YES;
				CLANG_ENABLE_OBJC_ARC = YES;
				CLANG_WARN_BLOCK_CAPTURE_AUTORELEASING = YES;
				CLANG_WARN_BOOL_CONVERSION = YES;
				CLANG_WARN_COMMA = YES;
				CLANG_WARN_CONSTANT_CONVERSION = YES;
				CLANG_WARN_DIRECT_OBJC_ISA_USAGE = YES_ERROR;
				CLANG_WARN_EMPTY_BODY = YES;
				CLANG_WARN_ENUM_CONVERSION = YES;
				CLANG_WARN_INFINITE_RECURSION = YES;
				CLANG_WARN_INT_CONVERSION = YES;
				CLANG_WARN_NON_LITERAL_NULL_CONVERSION = YES;
				CLANG_WARN_OBJC_LITERAL_CONVERSION = YES;
				CLANG_WARN_OBJC_ROOT_CLASS = YES_ERROR;
				CLANG_WARN_RANGE_LOOP_ANALYSIS = YES;
				CLANG_WARN_STRICT_PROTOTYPES = YES;
				CLANG_WARN_SUSPICIOUS_MOVE = YES;
				CLANG_WARN_UNREACHABLE_CODE = YES;
				CLANG_WARN__DUPLICATE_METHOD_MATCH = YES;
				"CODE_SIGN_IDENTITY[sdk=iphoneos*]" = "iPhone Developer";
				COPY_PHASE_STRIP = YES;
				ENABLE_NS_ASSERTIONS = NO;
				ENABLE_STRICT_OBJC_MSGSEND = YES;
				GCC_C_LANGUAGE_STANDARD = gnu99;
				GCC_NO_COMMON_BLOCKS = YES;
				GCC_WARN_64_TO_32_BIT_CONVERSION = YES;
				GCC_WARN_ABOUT_RETURN_TYPE = YES_ERROR;
				GCC_WARN_UNDECLARED_SELECTOR = YES;
				GCC_WARN_UNINITIALIZED_AUTOS = YES;
				GCC_WARN_UNUSED_FUNCTION = YES;
				GCC_WARN_UNUSED_VARIABLE = YES;
				IPHONEOS_DEPLOYMENT_TARGET = 8.0;
				SDKROOT = iphoneos;
				SWIFT_OBJC_INTERFACE_HEADER_NAME = "AnalyticsKit-Swift.h";
				SWIFT_OPTIMIZATION_LEVEL = "-Owholemodule";
				VALIDATE_PRODUCT = YES;
			};
			name = Release;
		};
		9C3799DD181838FD00488101 /* Debug */ = {
			isa = XCBuildConfiguration;
			baseConfigurationReference = B1FCCFAD6F37D68A4CE8386A /* Pods-AnalyticsKit.debug.xcconfig */;
			buildSettings = {
				ASSETCATALOG_COMPILER_APPICON_NAME = AppIcon;
				ASSETCATALOG_COMPILER_LAUNCHIMAGE_NAME = LaunchImage;
				CLANG_ENABLE_MODULES = YES;
				DEVELOPMENT_TEAM = 699723NDVT;
				ENABLE_BITCODE = NO;
				FRAMEWORK_SEARCH_PATHS = (
					"$(inherited)",
					"$(PROJECT_DIR)/AnalyticsKit",
					"$(PROJECT_DIR)/AnalyticsKit/ProviderLibraries/NewRelic",
				);
				GCC_PRECOMPILE_PREFIX_HEADER = YES;
				GCC_PREFIX_HEADER = "AnalyticsKit/AnalyticsKit-Prefix.pch";
				HEADER_SEARCH_PATHS = (
					"\"$(SRCROOT)/AnalyticsKit/ProviderLibraries\"/**",
					"$(inherited)",
					/Applications/Xcode.app/Contents/Developer/Toolchains/XcodeDefault.xctoolchain/usr/include,
				);
				INFOPLIST_FILE = "AnalyticsKit/AnalyticsKit-Info.plist";
				IPHONEOS_DEPLOYMENT_TARGET = 8.4;
				LD_RUNPATH_SEARCH_PATHS = "$(inherited) @executable_path/Frameworks";
				LIBRARY_SEARCH_PATHS = (
					"$(inherited)",
					"\"$(PROJECT_DIR)/AnalyticsKit/ProviderLibraries/ApSalar\"",
					"\"$(PROJECT_DIR)/AnalyticsKit/ProviderLibraries/Localytics\"",
					"$(PROJECT_DIR)/AnalyticsKit/ProviderLibraries/Localytics",
					"$(PROJECT_DIR)/AnalyticsKit/ProviderLibraries/ApSalar",
				);
				OTHER_SWIFT_FLAGS = "-Xfrontend -warn-long-function-bodies=100 -D COCOAPODS";
				PRODUCT_BUNDLE_IDENTIFIER = "com.twobitlabs.${PRODUCT_NAME:rfc1034identifier}";
				PRODUCT_NAME = "$(TARGET_NAME)";
				SWIFT_OBJC_BRIDGING_HEADER = "AnalyticsKit/AnalyticsKit-Bridging-Header.h";
				SWIFT_OPTIMIZATION_LEVEL = "-Onone";
				SWIFT_SWIFT3_OBJC_INFERENCE = Default;
				SWIFT_VERSION = 4.0;
				WRAPPER_EXTENSION = app;
			};
			name = Debug;
		};
		9C3799DE181838FD00488101 /* Release */ = {
			isa = XCBuildConfiguration;
			baseConfigurationReference = 66B14F99163A5EF8EA9202A3 /* Pods-AnalyticsKit.release.xcconfig */;
			buildSettings = {
				ASSETCATALOG_COMPILER_APPICON_NAME = AppIcon;
				ASSETCATALOG_COMPILER_LAUNCHIMAGE_NAME = LaunchImage;
				CLANG_ENABLE_MODULES = YES;
				DEVELOPMENT_TEAM = 699723NDVT;
				ENABLE_BITCODE = NO;
				FRAMEWORK_SEARCH_PATHS = (
					"$(inherited)",
					"$(PROJECT_DIR)/AnalyticsKit",
					"$(PROJECT_DIR)/AnalyticsKit/ProviderLibraries/NewRelic",
				);
				GCC_PRECOMPILE_PREFIX_HEADER = YES;
				GCC_PREFIX_HEADER = "AnalyticsKit/AnalyticsKit-Prefix.pch";
				HEADER_SEARCH_PATHS = (
					"\"$(SRCROOT)/AnalyticsKit/ProviderLibraries\"/**",
					"$(inherited)",
					/Applications/Xcode.app/Contents/Developer/Toolchains/XcodeDefault.xctoolchain/usr/include,
				);
				INFOPLIST_FILE = "AnalyticsKit/AnalyticsKit-Info.plist";
				IPHONEOS_DEPLOYMENT_TARGET = 8.4;
				LD_RUNPATH_SEARCH_PATHS = "$(inherited) @executable_path/Frameworks";
				LIBRARY_SEARCH_PATHS = (
					"$(inherited)",
					"\"$(PROJECT_DIR)/AnalyticsKit/ProviderLibraries/ApSalar\"",
					"\"$(PROJECT_DIR)/AnalyticsKit/ProviderLibraries/Localytics\"",
					"$(PROJECT_DIR)/AnalyticsKit/ProviderLibraries/Localytics",
					"$(PROJECT_DIR)/AnalyticsKit/ProviderLibraries/ApSalar",
				);
				OTHER_SWIFT_FLAGS = "-Xfrontend -warn-long-function-bodies=100 -D COCOAPODS";
				PRODUCT_BUNDLE_IDENTIFIER = "com.twobitlabs.${PRODUCT_NAME:rfc1034identifier}";
				PRODUCT_NAME = "$(TARGET_NAME)";
				SWIFT_OBJC_BRIDGING_HEADER = "AnalyticsKit/AnalyticsKit-Bridging-Header.h";
				SWIFT_SWIFT3_OBJC_INFERENCE = Default;
				SWIFT_VERSION = 4.0;
				WRAPPER_EXTENSION = app;
			};
			name = Release;
		};
		9C3799E0181838FD00488101 /* Debug */ = {
			isa = XCBuildConfiguration;
			baseConfigurationReference = CAC72BDCB2679B3279429F0D /* Pods-AnalyticsKitTests.debug.xcconfig */;
			buildSettings = {
				BUNDLE_LOADER = "$(BUILT_PRODUCTS_DIR)/AnalyticsKit.app/AnalyticsKit";
				CLANG_ENABLE_MODULES = YES;
				DEVELOPMENT_TEAM = 699723NDVT;
				FRAMEWORK_SEARCH_PATHS = (
					"$(inherited)",
					"$(DEVELOPER_FRAMEWORKS_DIR)",
					"$(PROJECT_DIR)/AnalyticsKitTests",
					"$(PROJECT_DIR)/AnalyticsKit/ProviderLibraries/NewRelic",
				);
				GCC_PRECOMPILE_PREFIX_HEADER = YES;
				GCC_PREFIX_HEADER = "AnalyticsKit/AnalyticsKit-Prefix.pch";
				GCC_PREPROCESSOR_DEFINITIONS = (
					"DEBUG=1",
					"$(inherited)",
				);
				HEADER_SEARCH_PATHS = (
					"\"$(SRCROOT)/AnalyticsKitTests/OCMock\"",
					"$(inherited)",
					/Applications/Xcode.app/Contents/Developer/Toolchains/XcodeDefault.xctoolchain/usr/include,
					"\"$(TARGET_TEMP_DIR)/../$(PROJECT_NAME).build/DerivedSources\"",
				);
				INFOPLIST_FILE = "AnalyticsKitTests/AnalyticsKitTests-Info.plist";
				IPHONEOS_DEPLOYMENT_TARGET = 8.4;
				LD_RUNPATH_SEARCH_PATHS = "$(inherited) @executable_path/Frameworks @loader_path/Frameworks";
				LIBRARY_SEARCH_PATHS = "$(inherited)";
				PRODUCT_BUNDLE_IDENTIFIER = "com.twobitlabs.${PRODUCT_NAME:rfc1034identifier}";
				PRODUCT_NAME = "$(TARGET_NAME)";
				SWIFT_OBJC_BRIDGING_HEADER = "";
				SWIFT_OBJC_INTERFACE_HEADER_NAME = "";
				SWIFT_OPTIMIZATION_LEVEL = "-Onone";
				SWIFT_SWIFT3_OBJC_INFERENCE = Default;
				SWIFT_VERSION = 4.0;
				TEST_HOST = "$(BUNDLE_LOADER)";
				WRAPPER_EXTENSION = xctest;
			};
			name = Debug;
		};
		9C3799E1181838FD00488101 /* Release */ = {
			isa = XCBuildConfiguration;
			baseConfigurationReference = ACDB2B2A0B1ACE41D2ABA939 /* Pods-AnalyticsKitTests.release.xcconfig */;
			buildSettings = {
				BUNDLE_LOADER = "$(BUILT_PRODUCTS_DIR)/AnalyticsKit.app/AnalyticsKit";
				CLANG_ENABLE_MODULES = YES;
				DEVELOPMENT_TEAM = 699723NDVT;
				FRAMEWORK_SEARCH_PATHS = (
					"$(SDKROOT)/Developer/Library/Frameworks",
					"$(inherited)",
					"$(DEVELOPER_FRAMEWORKS_DIR)",
					"$(PROJECT_DIR)/AnalyticsKitTests",
					"$(PROJECT_DIR)/AnalyticsKit/ProviderLibraries/NewRelic",
					"$(PROJECT_DIR)/AnalyticsKit/ProviderLibraries/Crashlytics",
					"$(PROJECT_DIR)/AnalyticsKit/ProviderLibraries/Adjust",
				);
				GCC_PRECOMPILE_PREFIX_HEADER = YES;
				GCC_PREFIX_HEADER = "AnalyticsKit/AnalyticsKit-Prefix.pch";
				HEADER_SEARCH_PATHS = (
					"\"$(SRCROOT)/AnalyticsKitTests/OCMock\"",
					"$(inherited)",
					/Applications/Xcode.app/Contents/Developer/Toolchains/XcodeDefault.xctoolchain/usr/include,
					"\"$(TARGET_TEMP_DIR)/../$(PROJECT_NAME).build/DerivedSources\"",
				);
				INFOPLIST_FILE = "AnalyticsKitTests/AnalyticsKitTests-Info.plist";
				IPHONEOS_DEPLOYMENT_TARGET = 8.4;
				LD_RUNPATH_SEARCH_PATHS = "$(inherited) @executable_path/Frameworks @loader_path/Frameworks";
				LIBRARY_SEARCH_PATHS = "$(inherited)";
				PRODUCT_BUNDLE_IDENTIFIER = "com.twobitlabs.${PRODUCT_NAME:rfc1034identifier}";
				PRODUCT_NAME = "$(TARGET_NAME)";
				SWIFT_OBJC_BRIDGING_HEADER = "";
				SWIFT_OBJC_INTERFACE_HEADER_NAME = "";
				SWIFT_SWIFT3_OBJC_INFERENCE = Default;
				SWIFT_VERSION = 4.0;
				TEST_HOST = "$(BUNDLE_LOADER)";
				WRAPPER_EXTENSION = xctest;
			};
			name = Release;
		};
/* End XCBuildConfiguration section */

/* Begin XCConfigurationList section */
		9C3799A5181838FD00488101 /* Build configuration list for PBXProject "AnalyticsKit" */ = {
			isa = XCConfigurationList;
			buildConfigurations = (
				9C3799DA181838FD00488101 /* Debug */,
				9C3799DB181838FD00488101 /* Release */,
			);
			defaultConfigurationIsVisible = 0;
			defaultConfigurationName = Release;
		};
		9C3799DC181838FD00488101 /* Build configuration list for PBXNativeTarget "AnalyticsKit" */ = {
			isa = XCConfigurationList;
			buildConfigurations = (
				9C3799DD181838FD00488101 /* Debug */,
				9C3799DE181838FD00488101 /* Release */,
			);
			defaultConfigurationIsVisible = 0;
			defaultConfigurationName = Release;
		};
		9C3799DF181838FD00488101 /* Build configuration list for PBXNativeTarget "AnalyticsKitTests" */ = {
			isa = XCConfigurationList;
			buildConfigurations = (
				9C3799E0181838FD00488101 /* Debug */,
				9C3799E1181838FD00488101 /* Release */,
			);
			defaultConfigurationIsVisible = 0;
			defaultConfigurationName = Release;
		};
/* End XCConfigurationList section */
	};
	rootObject = 9C3799A2181838FD00488101 /* Project object */;
}
